{
  "nodes": {
    "nixpkgs": {
      "locked": {
        "lastModified": 1721694015,
        "narHash": "sha256-Fe2GZqpSRK2mVNsoc0AAtbG7NTly+h+l7E4O6FDoU/s=",
        "owner": "nixos",
        "repo": "nixpkgs",
        "rev": "672da6a40e31a0ae1ac158be6a7a55b08ce09a88",
        "type": "github"
      },
      "original": {
        "owner": "nixos",
        "repo": "nixpkgs",
        "type": "github"
      }
    },
    "root": {
      "inputs": {
        "nixpkgs": "nixpkgs"
      }
    }
  },
  "root": "root",
  "version": 7
}
